<?xml version="1.0" encoding="utf-8"?>
<Project ToolsVersion="4.0" xmlns="http://schemas.microsoft.com/developer/msbuild/2003">
  <ItemGroup>
    <Filter Include="Source Files">
      <UniqueIdentifier>{4FC737F1-C7A5-4376-A066-2A32D752A2FF}</UniqueIdentifier>
      <Extensions>cpp;c;cc;cxx;def;odl;idl;hpj;bat;asm;asmx</Extensions>
    </Filter>
    <Filter Include="Header Files">
      <UniqueIdentifier>{93995380-89BD-4b04-88EB-625FBE52EBFB}</UniqueIdentifier>
      <Extensions>h;hpp;hxx;hm;inl;inc;xsd</Extensions>
    </Filter>
    <Filter Include="Resource Files">
      <UniqueIdentifier>{67DA6AB6-F800-4c08-8B7A-83BB121AAD01}</UniqueIdentifier>
      <Extensions>rc;ico;cur;bmp;dlg;rc2;rct;bin;rgs;gif;jpg;jpeg;jpe;resx;tiff;tif;png;wav;mfcribbon-ms</Extensions>
    </Filter>
    <Filter Include="CDDetour">
      <UniqueIdentifier>{a775ceab-ba8c-4d0e-a803-6ab01e907e6a}</UniqueIdentifier>
    </Filter>
  </ItemGroup>
  <ItemGroup>
    <ClInclude Include="Header\Acedia.h">
      <Filter>Header Files</Filter>
    </ClInclude>
    <ClInclude Include="Header\md5.h">
      <Filter>Header Files</Filter>
    </ClInclude>
    <ClInclude Include="Header\md5wrapper.h">
      <Filter>Header Files</Filter>
    </ClInclude>
    <ClInclude Include="CDetour\CDetour.h">
      <Filter>CDDetour</Filter>
    </ClInclude>
    <ClInclude Include="CDetour\CDetourDis.h">
      <Filter>CDDetour</Filter>
    </ClInclude>
    <ClInclude Include="CDetour\CByteArray.h">
      <Filter>CDDetour</Filter>
    </ClInclude>
  </ItemGroup>
  <ItemGroup>
    <ClCompile Include="Source\Acedia.cpp">
      <Filter>Source Files</Filter>
    </ClCompile>
    <ClCompile Include="Source\md5wrapper.cpp">
      <Filter>Source Files</Filter>
    </ClCompile>
    <ClCompile Include="Source\md5.cpp">
      <Filter>Source Files</Filter>
    </ClCompile>
    <ClCompile Include="CDetour\CDetourDis.cpp">
      <Filter>CDDetour</Filter>
    </ClCompile>
    <ClCompile Include="CDetour\CDetour.cpp">
      <Filter>CDDetour</Filter>
    </ClCompile>
  </ItemGroup>
</Project>